
Microsoft Visual Studio Solution File, Format Version 12.00
# Visual Studio Version 17
VisualStudioVersion = 17.0.32014.148
MinimumVisualStudioVersion = 10.0.40219.1
Project("{9A19103F-16F7-4668-BE54-9A1E7A4F7556}") = "Config.Middleware.NetStandard", "Config.Middleware.NetStandard\Config.Middleware.NetStandard.csproj", "{310EB490-76CB-4C9B-857E-84EE3F1AFC1E}"
EndProject
Project("{2150E333-8FDC-42A3-9474-1A3956D46DE8}") = "Solution Items", "Solution Items", "{CEE24B98-D71F-4CA1-8630-9790FE8300FA}"
	ProjectSection(SolutionItems) = preProject
		Config.Middleware.nuspec = Config.Middleware.nuspec
		Config.Middleware.Web.nuspec = Config.Middleware.Web.nuspec
	EndProjectSection
EndProject
Project("{FAE04EC0-301F-11D3-BF4B-00C04F79EFBC}") = "Config.Shared", "..\Config.Shared\Config.Shared.csproj", "{D4CE3195-74BB-4344-8142-47B8D341C18C}"
EndProject
Project("{FAE04EC0-301F-11D3-BF4B-00C04F79EFBC}") = "Config.Middleware.TestApi", "Config.Middleware.TestApi\Config.Middleware.TestApi.csproj", "{8D5CB9F8-FCB6-45B2-8C0E-C1C81CF9FCD9}"
EndProject
Project("{FAE04EC0-301F-11D3-BF4B-00C04F79EFBC}") = "Config.Middleware.Net", "Config.Middleware.Net\Config.Middleware.Net.csproj", "{A28945CF-13B8-448A-BA37-DAA51DF95007}"
EndProject
Project("{FAE04EC0-301F-11D3-BF4B-00C04F79EFBC}") = "Config.Middleware.Web.Net", "Config.Middleware.Web.Net\Config.Middleware.Web.Net.csproj", "{2037FF1E-050B-455E-BA9B-F7F4DEEA0127}"
EndProject
Project("{FAE04EC0-301F-11D3-BF4B-00C04F79EFBC}") = "Config.Middleware.Secrets", "Config.Middleware.Secrets\Config.Middleware.Secrets.csproj", "{1417F51B-F799-45AC-B32D-4470FE0A1942}"
EndProject
Global
	GlobalSection(SolutionConfigurationPlatforms) = preSolution
		Debug|Any CPU = Debug|Any CPU
		Release|Any CPU = Release|Any CPU
	EndGlobalSection
	GlobalSection(ProjectConfigurationPlatforms) = postSolution
		{310EB490-76CB-4C9B-857E-84EE3F1AFC1E}.Debug|Any CPU.ActiveCfg = Debug|Any CPU
		{310EB490-76CB-4C9B-857E-84EE3F1AFC1E}.Debug|Any CPU.Build.0 = Debug|Any CPU
		{310EB490-76CB-4C9B-857E-84EE3F1AFC1E}.Release|Any CPU.ActiveCfg = Release|Any CPU
		{310EB490-76CB-4C9B-857E-84EE3F1AFC1E}.Release|Any CPU.Build.0 = Release|Any CPU
		{D4CE3195-74BB-4344-8142-47B8D341C18C}.Debug|Any CPU.ActiveCfg = Debug|Any CPU
		{D4CE3195-74BB-4344-8142-47B8D341C18C}.Debug|Any CPU.Build.0 = Debug|Any CPU
		{D4CE3195-74BB-4344-8142-47B8D341C18C}.Release|Any CPU.ActiveCfg = Release|Any CPU
		{D4CE3195-74BB-4344-8142-47B8D341C18C}.Release|Any CPU.Build.0 = Release|Any CPU
		{8D5CB9F8-FCB6-45B2-8C0E-C1C81CF9FCD9}.Debug|Any CPU.ActiveCfg = Debug|Any CPU
		{8D5CB9F8-FCB6-45B2-8C0E-C1C81CF9FCD9}.Debug|Any CPU.Build.0 = Debug|Any CPU
		{8D5CB9F8-FCB6-45B2-8C0E-C1C81CF9FCD9}.Release|Any CPU.ActiveCfg = Release|Any CPU
		{8D5CB9F8-FCB6-45B2-8C0E-C1C81CF9FCD9}.Release|Any CPU.Build.0 = Release|Any CPU
		{A28945CF-13B8-448A-BA37-DAA51DF95007}.Debug|Any CPU.ActiveCfg = Debug|Any CPU
		{A28945CF-13B8-448A-BA37-DAA51DF95007}.Debug|Any CPU.Build.0 = Debug|Any CPU
		{A28945CF-13B8-448A-BA37-DAA51DF95007}.Release|Any CPU.ActiveCfg = Release|Any CPU
		{A28945CF-13B8-448A-BA37-DAA51DF95007}.Release|Any CPU.Build.0 = Release|Any CPU
		{2037FF1E-050B-455E-BA9B-F7F4DEEA0127}.Debug|Any CPU.ActiveCfg = Debug|Any CPU
		{2037FF1E-050B-455E-BA9B-F7F4DEEA0127}.Debug|Any CPU.Build.0 = Debug|Any CPU
		{2037FF1E-050B-455E-BA9B-F7F4DEEA0127}.Release|Any CPU.ActiveCfg = Release|Any CPU
		{2037FF1E-050B-455E-BA9B-F7F4DEEA0127}.Release|Any CPU.Build.0 = Release|Any CPU
		{1417F51B-F799-45AC-B32D-4470FE0A1942}.Debug|Any CPU.ActiveCfg = Debug|Any CPU
		{1417F51B-F799-45AC-B32D-4470FE0A1942}.Debug|Any CPU.Build.0 = Debug|Any CPU
		{1417F51B-F799-45AC-B32D-4470FE0A1942}.Release|Any CPU.ActiveCfg = Release|Any CPU
		{1417F51B-F799-45AC-B32D-4470FE0A1942}.Release|Any CPU.Build.0 = Release|Any CPU
	EndGlobalSection
	GlobalSection(SolutionProperties) = preSolution
		HideSolutionNode = FALSE
	EndGlobalSection
	GlobalSection(ExtensibilityGlobals) = postSolution
		SolutionGuid = {412C72F6-3BEE-4224-98A3-F42B20FA8A35}
	EndGlobalSection
EndGlobal
